
Microsoft Visual Studio Solution File, Format Version 12.00
# Visual Studio Version 17
VisualStudioVersion = 17.0.31903.59
MinimumVisualStudioVersion = 10.0.40219.1
Project("{FAE04EC0-301F-11D3-BF4B-00C04F79EFBC}") = "Domain", "Domain\Domain.csproj", "{0955F03B-D89C-4EE3-9FF1-FA474957E6ED}"
EndProject
Project("{FAE04EC0-301F-11D3-BF4B-00C04F79EFBC}") = "Domain.Tests", "Domain.Tests\Domain.Tests.csproj", "{91996D3A-CC55-45EA-A1DB-F99811594F98}"
EndProject
Global
	GlobalSection(SolutionConfigurationPlatforms) = preSolution
		Debug|Any CPU = Debug|Any CPU
		Release|Any CPU = Release|Any CPU
	EndGlobalSection
	GlobalSection(SolutionProperties) = preSolution
		HideSolutionNode = FALSE
	EndGlobalSection
	GlobalSection(ProjectConfigurationPlatforms) = postSolution
		{0955F03B-D89C-4EE3-9FF1-FA474957E6ED}.Debug|Any CPU.ActiveCfg = Debug|Any CPU
		{0955F03B-D89C-4EE3-9FF1-FA474957E6ED}.Debug|Any CPU.Build.0 = Debug|Any CPU
		{0955F03B-D89C-4EE3-9FF1-FA474957E6ED}.Release|Any CPU.ActiveCfg = Release|Any CPU
		{0955F03B-D89C-4EE3-9FF1-FA474957E6ED}.Release|Any CPU.Build.0 = Release|Any CPU
		{91996D3A-CC55-45EA-A1DB-F99811594F98}.Debug|Any CPU.ActiveCfg = Debug|Any CPU
		{91996D3A-CC55-45EA-A1DB-F99811594F98}.Debug|Any CPU.Build.0 = Debug|Any CPU
		{91996D3A-CC55-45EA-A1DB-F99811594F98}.Release|Any CPU.ActiveCfg = Release|Any CPU
		{91996D3A-CC55-45EA-A1DB-F99811594F98}.Release|Any CPU.Build.0 = Release|Any CPU
	EndGlobalSection
EndGlobal
